
Microsoft Visual Studio Solution File, Format Version 12.00
# Visual Studio Version 17
VisualStudioVersion = 17.2.32526.322
MinimumVisualStudioVersion = 10.0.40219.1
Project("{9A19103F-16F7-4668-BE54-9A1E7A4F7556}") = "TradingBot.Api", "TradingBotApi\TradingBot.Api.csproj", "{F863310A-85D0-4536-8762-11BFAAC7C0BA}"
EndProject
Project("{9A19103F-16F7-4668-BE54-9A1E7A4F7556}") = "TradingBot.Domain", "TradingBot.Domain\TradingBot.Domain.csproj", "{15BB8BFC-9CC5-473C-BF19-A916CDE9224F}"
EndProject
Project("{9A19103F-16F7-4668-BE54-9A1E7A4F7556}") = "TradingBot.Infrastructure", "TradingBot.Infrastructure\TradingBot.Infrastructure.csproj", "{F506992C-8FDF-49B3-851A-B07F367491BE}"
EndProject
Project("{2150E333-8FDC-42A3-9474-1A3956D46DE8}") = "TradingBot.User", "TradingBot.User", "{9F24F3B3-1289-4A49-A3CD-8D8CCA1CD460}"
EndProject
Project("{2150E333-8FDC-42A3-9474-1A3956D46DE8}") = "TradingBot.Exchange", "TradingBot.Exchange", "{B16EA1EC-2A8B-4BD8-8FCC-4756DC9BF5FC}"
EndProject
Project("{9A19103F-16F7-4668-BE54-9A1E7A4F7556}") = "TradingBot.User.API", "TradingBot.User.API\TradingBot.User.API.csproj", "{A59F1090-3923-4427-BD98-4B382EC05725}"
EndProject
Project("{2150E333-8FDC-42A3-9474-1A3956D46DE8}") = "TradingBot.Shared", "TradingBot.Shared", "{F51D16A1-4410-4278-96BD-DAB3B8EAA1DF}"
EndProject
Project("{2150E333-8FDC-42A3-9474-1A3956D46DE8}") = "Library", "Library", "{B3D822A5-AB1F-4F82-B10E-586B5773F1AC}"
EndProject
Project("{2150E333-8FDC-42A3-9474-1A3956D46DE8}") = "Objects", "Objects", "{80DAF3C3-2964-4385-8313-A4EE8C80310E}"
EndProject
Project("{FAE04EC0-301F-11D3-BF4B-00C04F79EFBC}") = "TradingBot.ORM", "TradingBot.ORM\TradingBot.ORM.csproj", "{95A87D29-9F0D-4491-83F2-4C676773787F}"
EndProject
Project("{FAE04EC0-301F-11D3-BF4B-00C04F79EFBC}") = "TradingBot.Objects", "TradingBot.Objects\TradingBot.Objects.csproj", "{A3034339-F356-4C34-9842-F842C0669619}"
EndProject
Project("{2150E333-8FDC-42A3-9474-1A3956D46DE8}") = "ORM", "ORM", "{138E8DF7-674E-4B91-9F6F-6E4C996579F1}"
EndProject
Global
	GlobalSection(SolutionConfigurationPlatforms) = preSolution
		Debug|Any CPU = Debug|Any CPU
		Release|Any CPU = Release|Any CPU
	EndGlobalSection
	GlobalSection(ProjectConfigurationPlatforms) = postSolution
		{F863310A-85D0-4536-8762-11BFAAC7C0BA}.Debug|Any CPU.ActiveCfg = Debug|Any CPU
		{F863310A-85D0-4536-8762-11BFAAC7C0BA}.Debug|Any CPU.Build.0 = Debug|Any CPU
		{F863310A-85D0-4536-8762-11BFAAC7C0BA}.Release|Any CPU.ActiveCfg = Release|Any CPU
		{F863310A-85D0-4536-8762-11BFAAC7C0BA}.Release|Any CPU.Build.0 = Release|Any CPU
		{15BB8BFC-9CC5-473C-BF19-A916CDE9224F}.Debug|Any CPU.ActiveCfg = Debug|Any CPU
		{15BB8BFC-9CC5-473C-BF19-A916CDE9224F}.Debug|Any CPU.Build.0 = Debug|Any CPU
		{15BB8BFC-9CC5-473C-BF19-A916CDE9224F}.Release|Any CPU.ActiveCfg = Release|Any CPU
		{15BB8BFC-9CC5-473C-BF19-A916CDE9224F}.Release|Any CPU.Build.0 = Release|Any CPU
		{F506992C-8FDF-49B3-851A-B07F367491BE}.Debug|Any CPU.ActiveCfg = Debug|Any CPU
		{F506992C-8FDF-49B3-851A-B07F367491BE}.Debug|Any CPU.Build.0 = Debug|Any CPU
		{F506992C-8FDF-49B3-851A-B07F367491BE}.Release|Any CPU.ActiveCfg = Release|Any CPU
		{F506992C-8FDF-49B3-851A-B07F367491BE}.Release|Any CPU.Build.0 = Release|Any CPU
		{A59F1090-3923-4427-BD98-4B382EC05725}.Debug|Any CPU.ActiveCfg = Debug|Any CPU
		{A59F1090-3923-4427-BD98-4B382EC05725}.Debug|Any CPU.Build.0 = Debug|Any CPU
		{A59F1090-3923-4427-BD98-4B382EC05725}.Release|Any CPU.ActiveCfg = Release|Any CPU
		{A59F1090-3923-4427-BD98-4B382EC05725}.Release|Any CPU.Build.0 = Release|Any CPU
		{95A87D29-9F0D-4491-83F2-4C676773787F}.Debug|Any CPU.ActiveCfg = Debug|Any CPU
		{95A87D29-9F0D-4491-83F2-4C676773787F}.Debug|Any CPU.Build.0 = Debug|Any CPU
		{95A87D29-9F0D-4491-83F2-4C676773787F}.Release|Any CPU.ActiveCfg = Release|Any CPU
		{95A87D29-9F0D-4491-83F2-4C676773787F}.Release|Any CPU.Build.0 = Release|Any CPU
		{A3034339-F356-4C34-9842-F842C0669619}.Debug|Any CPU.ActiveCfg = Debug|Any CPU
		{A3034339-F356-4C34-9842-F842C0669619}.Debug|Any CPU.Build.0 = Debug|Any CPU
		{A3034339-F356-4C34-9842-F842C0669619}.Release|Any CPU.ActiveCfg = Release|Any CPU
		{A3034339-F356-4C34-9842-F842C0669619}.Release|Any CPU.Build.0 = Release|Any CPU
	EndGlobalSection
	GlobalSection(SolutionProperties) = preSolution
		HideSolutionNode = FALSE
	EndGlobalSection
	GlobalSection(NestedProjects) = preSolution
		{F863310A-85D0-4536-8762-11BFAAC7C0BA} = {B16EA1EC-2A8B-4BD8-8FCC-4756DC9BF5FC}
		{15BB8BFC-9CC5-473C-BF19-A916CDE9224F} = {B16EA1EC-2A8B-4BD8-8FCC-4756DC9BF5FC}
		{F506992C-8FDF-49B3-851A-B07F367491BE} = {B16EA1EC-2A8B-4BD8-8FCC-4756DC9BF5FC}
		{A59F1090-3923-4427-BD98-4B382EC05725} = {9F24F3B3-1289-4A49-A3CD-8D8CCA1CD460}
		{B3D822A5-AB1F-4F82-B10E-586B5773F1AC} = {F51D16A1-4410-4278-96BD-DAB3B8EAA1DF}
		{80DAF3C3-2964-4385-8313-A4EE8C80310E} = {F51D16A1-4410-4278-96BD-DAB3B8EAA1DF}
		{95A87D29-9F0D-4491-83F2-4C676773787F} = {138E8DF7-674E-4B91-9F6F-6E4C996579F1}
		{A3034339-F356-4C34-9842-F842C0669619} = {80DAF3C3-2964-4385-8313-A4EE8C80310E}
		{138E8DF7-674E-4B91-9F6F-6E4C996579F1} = {B3D822A5-AB1F-4F82-B10E-586B5773F1AC}
	EndGlobalSection
	GlobalSection(ExtensibilityGlobals) = postSolution
		SolutionGuid = {A6AA8AEE-F170-4865-B5C2-2FD6384C64FD}
	EndGlobalSection
EndGlobal
